<?xml version="1.0" encoding="utf-8"?>
<Project ToolsVersion="4.0" xmlns="http://schemas.microsoft.com/developer/msbuild/2003">
  <ItemGroup>
    <Filter Include="Ressources">
      <UniqueIdentifier>{32b09922-b025-49a7-859a-ba136f5a75ca}</UniqueIdentifier>
    </Filter>
    <Filter Include="Includes">
      <UniqueIdentifier>{b914cce1-c591-4582-88fa-2afba916fb9f}</UniqueIdentifier>
    </Filter>
    <Filter Include="Sources">
      <UniqueIdentifier>{c7c4020a-20ad-46ca-92f7-8bb056718ac6}</UniqueIdentifier>
    </Filter>
  </ItemGroup>
  <ItemGroup>
    <ClCompile Include="Sources\Application.cpp">
      <Filter>Sources</Filter>
    </ClCompile>
    <ClCompile Include="Sources\Bonus.cpp">
      <Filter>Sources</Filter>
    </ClCompile>
    <ClCompile Include="Sources\Button.cpp">
      <Filter>Sources</Filter>
    </ClCompile>
    <ClCompile Include="Sources\Command.cpp">
      <Filter>Sources</Filter>
    </ClCompile>
    <ClCompile Include="Sources\CommandQueue.cpp">
      <Filter>Sources</Filter>
    </ClCompile>
    <ClCompile Include="Sources\Component.cpp">
      <Filter>Sources</Filter>
    </ClCompile>
    <ClCompile Include="Sources\Container.cpp">
      <Filter>Sources</Filter>
    </ClCompile>
    <ClCompile Include="Sources\Entity.cpp">
      <Filter>Sources</Filter>
    </ClCompile>
    <ClCompile Include="Sources\GameOverState.cpp">
      <Filter>Sources</Filter>
    </ClCompile>
    <ClCompile Include="Sources\GameState.cpp">
      <Filter>Sources</Filter>
    </ClCompile>
    <ClCompile Include="Sources\Label.cpp">
      <Filter>Sources</Filter>
    </ClCompile>
    <ClCompile Include="Sources\Main.cpp">
      <Filter>Sources</Filter>
    </ClCompile>
    <ClCompile Include="Sources\MenuState.cpp">
      <Filter>Sources</Filter>
    </ClCompile>
    <ClCompile Include="Sources\PauseState.cpp">
      <Filter>Sources</Filter>
    </ClCompile>
    <ClCompile Include="Sources\Player.cpp">
      <Filter>Sources</Filter>
    </ClCompile>
    <ClCompile Include="Sources\SceneNode.cpp">
      <Filter>Sources</Filter>
    </ClCompile>
    <ClCompile Include="Sources\SettingsState.cpp">
      <Filter>Sources</Filter>
    </ClCompile>
    <ClCompile Include="Sources\Snake.cpp">
      <Filter>Sources</Filter>
    </ClCompile>
    <ClCompile Include="Sources\SpriteNode.cpp">
      <Filter>Sources</Filter>
    </ClCompile>
    <ClCompile Include="Sources\State.cpp">
      <Filter>Sources</Filter>
    </ClCompile>
    <ClCompile Include="Sources\StateStack.cpp">
      <Filter>Sources</Filter>
    </ClCompile>
    <ClCompile Include="Sources\TitleState.cpp">
      <Filter>Sources</Filter>
    </ClCompile>
    <ClCompile Include="Sources\Utility.cpp">
      <Filter>Sources</Filter>
    </ClCompile>
    <ClCompile Include="Sources\World.cpp">
      <Filter>Sources</Filter>
    </ClCompile>
  </ItemGroup>
  <ItemGroup>
    <ClInclude Include="Includes\Application.hpp">
      <Filter>Includes</Filter>
    </ClInclude>
    <ClInclude Include="Includes\Bonus.hpp">
      <Filter>Includes</Filter>
    </ClInclude>
    <ClInclude Include="Includes\Button.hpp">
      <Filter>Includes</Filter>
    </ClInclude>
    <ClInclude Include="Includes\Category.hpp">
      <Filter>Includes</Filter>
    </ClInclude>
    <ClInclude Include="Includes\Command.hpp">
      <Filter>Includes</Filter>
    </ClInclude>
    <ClInclude Include="Includes\CommandQueue.hpp">
      <Filter>Includes</Filter>
    </ClInclude>
    <ClInclude Include="Includes\Component.hpp">
      <Filter>Includes</Filter>
    </ClInclude>
    <ClInclude Include="Includes\Container.hpp">
      <Filter>Includes</Filter>
    </ClInclude>
    <ClInclude Include="Includes\Entity.hpp">
      <Filter>Includes</Filter>
    </ClInclude>
    <ClInclude Include="Includes\GameOverState.hpp">
      <Filter>Includes</Filter>
    </ClInclude>
    <ClInclude Include="Includes\GameState.hpp">
      <Filter>Includes</Filter>
    </ClInclude>
    <ClInclude Include="Includes\Label.hpp">
      <Filter>Includes</Filter>
    </ClInclude>
    <ClInclude Include="Includes\MenuState.hpp">
      <Filter>Includes</Filter>
    </ClInclude>
    <ClInclude Include="Includes\PauseState.hpp">
      <Filter>Includes</Filter>
    </ClInclude>
    <ClInclude Include="Includes\Player.hpp">
      <Filter>Includes</Filter>
    </ClInclude>
    <ClInclude Include="Includes\ResourceHolder.hpp">
      <Filter>Includes</Filter>
    </ClInclude>
    <ClInclude Include="Includes\ResourceIdentifiers.hpp">
      <Filter>Includes</Filter>
    </ClInclude>
    <ClInclude Include="Includes\SceneNode.hpp">
      <Filter>Includes</Filter>
    </ClInclude>
    <ClInclude Include="Includes\SettingsState.hpp">
      <Filter>Includes</Filter>
    </ClInclude>
    <ClInclude Include="Includes\Snake.hpp">
      <Filter>Includes</Filter>
    </ClInclude>
    <ClInclude Include="Includes\SpriteNode.hpp">
      <Filter>Includes</Filter>
    </ClInclude>
    <ClInclude Include="Includes\State.hpp">
      <Filter>Includes</Filter>
    </ClInclude>
    <ClInclude Include="Includes\StateIdentifiers.hpp">
      <Filter>Includes</Filter>
    </ClInclude>
    <ClInclude Include="Includes\StateStack.hpp">
      <Filter>Includes</Filter>
    </ClInclude>
    <ClInclude Include="Includes\TitleState.hpp">
      <Filter>Includes</Filter>
    </ClInclude>
    <ClInclude Include="Includes\Utility.hpp">
      <Filter>Includes</Filter>
    </ClInclude>
    <ClInclude Include="Includes\World.hpp">
      <Filter>Includes</Filter>
    </ClInclude>
  </ItemGroup>
  <ItemGroup>
    <None Include="Includes\ResourceHolder.inl">
      <Filter>Includes</Filter>
    </None>
    <None Include="Includes\Utility.inl">
      <Filter>Includes</Filter>
    </None>
  </ItemGroup>
</Project>