<?xml version="1.0" encoding="utf-8"?>
<Project ToolsVersion="4.0" xmlns="http://schemas.microsoft.com/developer/msbuild/2003">
  <ItemGroup>
    <Filter Include="Ressources">
      <UniqueIdentifier>{32b09922-b025-49a7-859a-ba136f5a75ca}</UniqueIdentifier>
    </Filter>
    <Filter Include="Includes">
      <UniqueIdentifier>{b914cce1-c591-4582-88fa-2afba916fb9f}</UniqueIdentifier>
    </Filter>
    <Filter Include="Sources">
      <UniqueIdentifier>{c7c4020a-20ad-46ca-92f7-8bb056718ac6}</UniqueIdentifier>
    </Filter>
    <Filter Include="Ressources\Fonts">
      <UniqueIdentifier>{7fd4187f-abc8-41da-a60f-6e58a986f128}</UniqueIdentifier>
    </Filter>
    <Filter Include="Ressources\Textures">
      <UniqueIdentifier>{8e68525e-b2a3-4824-9704-4a83494300f8}</UniqueIdentifier>
    </Filter>
    <Filter Include="Ressources\Sounds">
      <UniqueIdentifier>{1a283338-75aa-4ae3-aefd-f429466e5bc7}</UniqueIdentifier>
    </Filter>
    <Filter Include="Ressources\Textures\Bonus">
      <UniqueIdentifier>{5e465fec-30de-4ac1-99db-ef74800cd765}</UniqueIdentifier>
    </Filter>
    <Filter Include="Ressources\Textures\Snake">
      <UniqueIdentifier>{76abb69e-98c1-40a9-84ba-010451cf1b3b}</UniqueIdentifier>
    </Filter>
    <Filter Include="Ressources\Textures\Backgrounds">
      <UniqueIdentifier>{be7c49a9-1b1d-409d-b56f-3101b23b0597}</UniqueIdentifier>
    </Filter>
    <Filter Include="Ressources\Textures\Buttons">
      <UniqueIdentifier>{59d88e24-b5ed-485a-a3df-8a836001d839}</UniqueIdentifier>
    </Filter>
    <Filter Include="Ressources\Textures\Snake\Body">
      <UniqueIdentifier>{ac04650d-7018-41a0-9116-353525b1dc45}</UniqueIdentifier>
    </Filter>
    <Filter Include="Ressources\Textures\Snake\Head">
      <UniqueIdentifier>{a120ca73-08dc-4b89-9cae-c88fc09580a6}</UniqueIdentifier>
    </Filter>
    <Filter Include="Ressources\Textures\Snake\Tail">
      <UniqueIdentifier>{9860c5fb-4320-4183-b944-267a93471a8a}</UniqueIdentifier>
    </Filter>
    <Filter Include="Ressources\Textures\Backgrounds\GameState">
      <UniqueIdentifier>{51cebeae-60ce-4731-984a-37564a238fd8}</UniqueIdentifier>
    </Filter>
    <Filter Include="Ressources\Textures\Backgrounds\TitleState">
      <UniqueIdentifier>{52c3684d-e7d1-4190-a404-d72820625bf5}</UniqueIdentifier>
    </Filter>
    <Filter Include="Ressources\Sounds\Snake">
      <UniqueIdentifier>{51e1f7fa-92ab-49bd-a6d0-88d8500dd928}</UniqueIdentifier>
    </Filter>
    <Filter Include="Ressources\Musics">
      <UniqueIdentifier>{f833899b-5511-4015-a796-97542e7a1bf5}</UniqueIdentifier>
    </Filter>
    <Filter Include="Ressources\Sounds\Button">
      <UniqueIdentifier>{9c9e9132-019e-4087-9904-1ed368e195a1}</UniqueIdentifier>
    </Filter>
    <Filter Include="Ressources\Musics\MenuState">
      <UniqueIdentifier>{b2633b19-f6b2-4356-9ca6-1bcc6a8d81a8}</UniqueIdentifier>
    </Filter>
  </ItemGroup>
  <ItemGroup>
    <ClCompile Include="Sources\Application.cpp">
      <Filter>Sources</Filter>
    </ClCompile>
    <ClCompile Include="Sources\Bonus.cpp">
      <Filter>Sources</Filter>
    </ClCompile>
    <ClCompile Include="Sources\Button.cpp">
      <Filter>Sources</Filter>
    </ClCompile>
    <ClCompile Include="Sources\Command.cpp">
      <Filter>Sources</Filter>
    </ClCompile>
    <ClCompile Include="Sources\CommandQueue.cpp">
      <Filter>Sources</Filter>
    </ClCompile>
    <ClCompile Include="Sources\Component.cpp">
      <Filter>Sources</Filter>
    </ClCompile>
    <ClCompile Include="Sources\Container.cpp">
      <Filter>Sources</Filter>
    </ClCompile>
    <ClCompile Include="Sources\Entity.cpp">
      <Filter>Sources</Filter>
    </ClCompile>
    <ClCompile Include="Sources\GameOverState.cpp">
      <Filter>Sources</Filter>
    </ClCompile>
    <ClCompile Include="Sources\GameState.cpp">
      <Filter>Sources</Filter>
    </ClCompile>
    <ClCompile Include="Sources\Label.cpp">
      <Filter>Sources</Filter>
    </ClCompile>
    <ClCompile Include="Sources\Main.cpp">
      <Filter>Sources</Filter>
    </ClCompile>
    <ClCompile Include="Sources\MenuState.cpp">
      <Filter>Sources</Filter>
    </ClCompile>
    <ClCompile Include="Sources\PauseState.cpp">
      <Filter>Sources</Filter>
    </ClCompile>
    <ClCompile Include="Sources\Player.cpp">
      <Filter>Sources</Filter>
    </ClCompile>
    <ClCompile Include="Sources\SceneNode.cpp">
      <Filter>Sources</Filter>
    </ClCompile>
    <ClCompile Include="Sources\SettingsState.cpp">
      <Filter>Sources</Filter>
    </ClCompile>
    <ClCompile Include="Sources\Snake.cpp">
      <Filter>Sources</Filter>
    </ClCompile>
    <ClCompile Include="Sources\SpriteNode.cpp">
      <Filter>Sources</Filter>
    </ClCompile>
    <ClCompile Include="Sources\State.cpp">
      <Filter>Sources</Filter>
    </ClCompile>
    <ClCompile Include="Sources\StateStack.cpp">
      <Filter>Sources</Filter>
    </ClCompile>
    <ClCompile Include="Sources\TitleState.cpp">
      <Filter>Sources</Filter>
    </ClCompile>
    <ClCompile Include="Sources\Utility.cpp">
      <Filter>Sources</Filter>
    </ClCompile>
    <ClCompile Include="Sources\World.cpp">
      <Filter>Sources</Filter>
    </ClCompile>
    <ClCompile Include="Sources\MusicPlayer.cpp">
      <Filter>Sources</Filter>
    </ClCompile>
    <ClCompile Include="Sources\SoundPlayer.cpp">
      <Filter>Sources</Filter>
    </ClCompile>
    <ClCompile Include="Sources\SoundNode.cpp">
      <Filter>Sources</Filter>
    </ClCompile>
  </ItemGroup>
  <ItemGroup>
    <ClInclude Include="Includes\Application.hpp">
      <Filter>Includes</Filter>
    </ClInclude>
    <ClInclude Include="Includes\Bonus.hpp">
      <Filter>Includes</Filter>
    </ClInclude>
    <ClInclude Include="Includes\Button.hpp">
      <Filter>Includes</Filter>
    </ClInclude>
    <ClInclude Include="Includes\Category.hpp">
      <Filter>Includes</Filter>
    </ClInclude>
    <ClInclude Include="Includes\Command.hpp">
      <Filter>Includes</Filter>
    </ClInclude>
    <ClInclude Include="Includes\CommandQueue.hpp">
      <Filter>Includes</Filter>
    </ClInclude>
    <ClInclude Include="Includes\Component.hpp">
      <Filter>Includes</Filter>
    </ClInclude>
    <ClInclude Include="Includes\Container.hpp">
      <Filter>Includes</Filter>
    </ClInclude>
    <ClInclude Include="Includes\Entity.hpp">
      <Filter>Includes</Filter>
    </ClInclude>
    <ClInclude Include="Includes\GameOverState.hpp">
      <Filter>Includes</Filter>
    </ClInclude>
    <ClInclude Include="Includes\GameState.hpp">
      <Filter>Includes</Filter>
    </ClInclude>
    <ClInclude Include="Includes\Label.hpp">
      <Filter>Includes</Filter>
    </ClInclude>
    <ClInclude Include="Includes\MenuState.hpp">
      <Filter>Includes</Filter>
    </ClInclude>
    <ClInclude Include="Includes\PauseState.hpp">
      <Filter>Includes</Filter>
    </ClInclude>
    <ClInclude Include="Includes\Player.hpp">
      <Filter>Includes</Filter>
    </ClInclude>
    <ClInclude Include="Includes\ResourceHolder.hpp">
      <Filter>Includes</Filter>
    </ClInclude>
    <ClInclude Include="Includes\ResourceIdentifiers.hpp">
      <Filter>Includes</Filter>
    </ClInclude>
    <ClInclude Include="Includes\SceneNode.hpp">
      <Filter>Includes</Filter>
    </ClInclude>
    <ClInclude Include="Includes\SettingsState.hpp">
      <Filter>Includes</Filter>
    </ClInclude>
    <ClInclude Include="Includes\Snake.hpp">
      <Filter>Includes</Filter>
    </ClInclude>
    <ClInclude Include="Includes\SpriteNode.hpp">
      <Filter>Includes</Filter>
    </ClInclude>
    <ClInclude Include="Includes\State.hpp">
      <Filter>Includes</Filter>
    </ClInclude>
    <ClInclude Include="Includes\StateIdentifiers.hpp">
      <Filter>Includes</Filter>
    </ClInclude>
    <ClInclude Include="Includes\StateStack.hpp">
      <Filter>Includes</Filter>
    </ClInclude>
    <ClInclude Include="Includes\TitleState.hpp">
      <Filter>Includes</Filter>
    </ClInclude>
    <ClInclude Include="Includes\Utility.hpp">
      <Filter>Includes</Filter>
    </ClInclude>
    <ClInclude Include="Includes\World.hpp">
      <Filter>Includes</Filter>
    </ClInclude>
    <ClInclude Include="Includes\MusicPlayer.hpp">
      <Filter>Includes</Filter>
    </ClInclude>
    <ClInclude Include="Includes\SoundPlayer.hpp">
      <Filter>Includes</Filter>
    </ClInclude>
    <ClInclude Include="Includes\SoundNode.hpp">
      <Filter>Includes</Filter>
    </ClInclude>
  </ItemGroup>
  <ItemGroup>
    <None Include="Includes\ResourceHolder.inl">
      <Filter>Includes</Filter>
    </None>
    <None Include="Includes\Utility.inl">
      <Filter>Includes</Filter>
    </None>
  </ItemGroup>
  <ItemGroup>
    <Font Include="Ressources\Fonts\arial.ttf">
      <Filter>Ressources\Fonts</Filter>
    </Font>
  </ItemGroup>
  <ItemGroup>
    <Image Include="Ressources\Textures\Bonus\Apple.png">
      <Filter>Ressources\Textures\Bonus</Filter>
    </Image>
    <Image Include="Ressources\Textures\Backgrounds\TitleState\Background.png">
      <Filter>Ressources\Textures\Backgrounds\TitleState</Filter>
    </Image>
    <Image Include="Ressources\Textures\Backgrounds\GameState\Background.png">
      <Filter>Ressources\Textures\Backgrounds\GameState</Filter>
    </Image>
    <Image Include="Ressources\Textures\Snake\Body\BottomLeft.png">
      <Filter>Ressources\Textures\Snake\Body</Filter>
    </Image>
    <Image Include="Ressources\Textures\Snake\Body\BottomRight.png">
      <Filter>Ressources\Textures\Snake\Body</Filter>
    </Image>
    <Image Include="Ressources\Textures\Snake\Body\Horizontal.png">
      <Filter>Ressources\Textures\Snake\Body</Filter>
    </Image>
    <Image Include="Ressources\Textures\Snake\Body\TopLeft.png">
      <Filter>Ressources\Textures\Snake\Body</Filter>
    </Image>
    <Image Include="Ressources\Textures\Snake\Body\TopRight.png">
      <Filter>Ressources\Textures\Snake\Body</Filter>
    </Image>
    <Image Include="Ressources\Textures\Snake\Body\Vertical.png">
      <Filter>Ressources\Textures\Snake\Body</Filter>
    </Image>
    <Image Include="Ressources\Textures\Snake\Head\Down.png">
      <Filter>Ressources\Textures\Snake\Head</Filter>
    </Image>
    <Image Include="Ressources\Textures\Snake\Head\Left.png">
      <Filter>Ressources\Textures\Snake\Head</Filter>
    </Image>
    <Image Include="Ressources\Textures\Snake\Head\Right.png">
      <Filter>Ressources\Textures\Snake\Head</Filter>
    </Image>
    <Image Include="Ressources\Textures\Snake\Head\Up.png">
      <Filter>Ressources\Textures\Snake\Head</Filter>
    </Image>
    <Image Include="Ressources\Textures\Snake\Tail\Down.png">
      <Filter>Ressources\Textures\Snake\Tail</Filter>
    </Image>
    <Image Include="Ressources\Textures\Snake\Tail\Left.png">
      <Filter>Ressources\Textures\Snake\Tail</Filter>
    </Image>
    <Image Include="Ressources\Textures\Snake\Tail\Right.png">
      <Filter>Ressources\Textures\Snake\Tail</Filter>
    </Image>
    <Image Include="Ressources\Textures\Snake\Tail\Up.png">
      <Filter>Ressources\Textures\Snake\Tail</Filter>
    </Image>
    <Image Include="Ressources\Textures\Buttons\Normal.png">
      <Filter>Ressources\Textures\Buttons</Filter>
    </Image>
    <Image Include="Ressources\Textures\Buttons\Pressed.png">
      <Filter>Ressources\Textures\Buttons</Filter>
    </Image>
    <Image Include="Ressources\Textures\Buttons\Selected.png">
      <Filter>Ressources\Textures\Buttons</Filter>
    </Image>
  </ItemGroup>
  <ItemGroup>
    <Media Include="Ressources\Sounds\Snake\Eat.wav">
      <Filter>Ressources\Sounds\Snake</Filter>
    </Media>
    <Media Include="Ressources\Sounds\Snake\Move.wav">
      <Filter>Ressources\Sounds\Snake</Filter>
    </Media>
    <Media Include="Ressources\Sounds\Snake\Collision.wav">
      <Filter>Ressources\Sounds\Snake</Filter>
    </Media>
    <Media Include="Ressources\Sounds\Button\Move.wav">
      <Filter>Ressources\Sounds\Button</Filter>
    </Media>
    <Media Include="Ressources\Musics\MenuState\SnakeTheme.wav">
      <Filter>Ressources\Musics\MenuState</Filter>
    </Media>
  </ItemGroup>
</Project>